
Microsoft Visual Studio Solution File, Format Version 12.00
# Visual Studio Version 16
VisualStudioVersion = 16.0.30413.136
MinimumVisualStudioVersion = 10.0.40219.1
Project("{8BC9CEB8-8B4A-11D0-8D11-00A0C91BC942}") = "QuizProfissoesTi", "QuizProfissoesTi.vcxproj", "{D73E6F57-999D-41F6-8EC9-EC304479FDE0}"
EndProject
Global
	GlobalSection(SolutionConfigurationPlatforms) = preSolution
		Debug|x64 = Debug|x64
		Debug|x86 = Debug|x86
		Release|x64 = Release|x64
		Release|x86 = Release|x86
	EndGlobalSection
	GlobalSection(ProjectConfigurationPlatforms) = postSolution
		{D73E6F57-999D-41F6-8EC9-EC304479FDE0}.Debug|x64.ActiveCfg = Debug|x64
		{D73E6F57-999D-41F6-8EC9-EC304479FDE0}.Debug|x64.Build.0 = Debug|x64
		{D73E6F57-999D-41F6-8EC9-EC304479FDE0}.Debug|x86.ActiveCfg = Debug|Win32
		{D73E6F57-999D-41F6-8EC9-EC304479FDE0}.Debug|x86.Build.0 = Debug|Win32
		{D73E6F57-999D-41F6-8EC9-EC304479FDE0}.Release|x64.ActiveCfg = Release|x64
		{D73E6F57-999D-41F6-8EC9-EC304479FDE0}.Release|x64.Build.0 = Release|x64
		{D73E6F57-999D-41F6-8EC9-EC304479FDE0}.Release|x86.ActiveCfg = Release|Win32
		{D73E6F57-999D-41F6-8EC9-EC304479FDE0}.Release|x86.Build.0 = Release|Win32
	EndGlobalSection
	GlobalSection(SolutionProperties) = preSolution
		HideSolutionNode = FALSE
	EndGlobalSection
	GlobalSection(ExtensibilityGlobals) = postSolution
		SolutionGuid = {12585E88-5BA9-4D59-BFD6-C784EE51E044}
	EndGlobalSection
EndGlobal
